
Microsoft Visual Studio Solution File, Format Version 12.00
# Visual Studio Version 17
VisualStudioVersion = 17.6.33801.468
MinimumVisualStudioVersion = 10.0.40219.1
Project("{FAE04EC0-301F-11D3-BF4B-00C04F79EFBC}") = "ClasseEmail", "ClasseEmail\ClasseEmail.csproj", "{650BD408-9734-4A3A-AB8C-68979FB32575}"
EndProject
Global
	GlobalSection(SolutionConfigurationPlatforms) = preSolution
		Debug|Any CPU = Debug|Any CPU
		Release|Any CPU = Release|Any CPU
	EndGlobalSection
	GlobalSection(ProjectConfigurationPlatforms) = postSolution
		{650BD408-9734-4A3A-AB8C-68979FB32575}.Debug|Any CPU.ActiveCfg = Debug|Any CPU
		{650BD408-9734-4A3A-AB8C-68979FB32575}.Debug|Any CPU.Build.0 = Debug|Any CPU
		{650BD408-9734-4A3A-AB8C-68979FB32575}.Release|Any CPU.ActiveCfg = Release|Any CPU
		{650BD408-9734-4A3A-AB8C-68979FB32575}.Release|Any CPU.Build.0 = Release|Any CPU
	EndGlobalSection
	GlobalSection(SolutionProperties) = preSolution
		HideSolutionNode = FALSE
	EndGlobalSection
	GlobalSection(ExtensibilityGlobals) = postSolution
		SolutionGuid = {1461F2A3-94BB-455B-A33D-62A09AC853F5}
	EndGlobalSection
EndGlobal
